# This file is generated by running "yarn install" inside your project.
# Manual changes might be lost - proceed with caution!

__metadata:
  version: 8
  cacheKey: 10c0

"backend@workspace:.":
  version: 0.0.0-use.local
  resolution: "backend@workspace:."
  dependencies:
    expresss: "npm:^0.0.0"
  languageName: unknown
  linkType: soft

"expresss@npm:^0.0.0":
  version: 0.0.0
  resolution: "expresss@npm:0.0.0"
  checksum: 10c0/2b616c279d72d53b08afc1c160c5a969c9dfb18e0840f33e99b685fb72ab70f5ee0631be81bdee9aff0eb09f01758ff13553aca4509eab475c85ec6e101c6a57
  languageName: node
  linkType: hard
